
Microsoft Visual Studio Solution File, Format Version 12.00
# Visual Studio Version 16
VisualStudioVersion = 16.0.33328.57
MinimumVisualStudioVersion = 10.0.40219.1
Project("{FAE04EC0-301F-11D3-BF4B-00C04F79EFBC}") = "TbtAspmvc", "TbtAspmvc.csproj", "{6379F3B9-BDBD-479A-8F27-6FBB081F54F8}"
EndProject
Global
	GlobalSection(SolutionConfigurationPlatforms) = preSolution
		Debug|Any CPU = Debug|Any CPU
		Release|Any CPU = Release|Any CPU
	EndGlobalSection
	GlobalSection(ProjectConfigurationPlatforms) = postSolution
		{6379F3B9-BDBD-479A-8F27-6FBB081F54F8}.Debug|Any CPU.ActiveCfg = Debug|Any CPU
		{6379F3B9-BDBD-479A-8F27-6FBB081F54F8}.Debug|Any CPU.Build.0 = Debug|Any CPU
		{6379F3B9-BDBD-479A-8F27-6FBB081F54F8}.Release|Any CPU.ActiveCfg = Release|Any CPU
		{6379F3B9-BDBD-479A-8F27-6FBB081F54F8}.Release|Any CPU.Build.0 = Release|Any CPU
	EndGlobalSection
	GlobalSection(SolutionProperties) = preSolution
		HideSolutionNode = FALSE
	EndGlobalSection
	GlobalSection(ExtensibilityGlobals) = postSolution
		SolutionGuid = {1B92A6D6-0FAB-40A9-9357-BC22FF10D830}
	EndGlobalSection
EndGlobal
